
Microsoft Visual Studio Solution File, Format Version 12.00
Project("{FAE04EC0-301F-11D3-BF4B-00C04F79EFBC}") = "CSharpGRPC", "CSharpGRPC\CSharpGRPC.csproj", "{08BD322B-A8CB-4ECE-9CEE-1A6161C0B51F}"
EndProject
Global
	GlobalSection(SolutionConfigurationPlatforms) = preSolution
		Debug|Any CPU = Debug|Any CPU
		Release|Any CPU = Release|Any CPU
	EndGlobalSection
	GlobalSection(ProjectConfigurationPlatforms) = postSolution
		{08BD322B-A8CB-4ECE-9CEE-1A6161C0B51F}.Debug|Any CPU.ActiveCfg = Debug|Any CPU
		{08BD322B-A8CB-4ECE-9CEE-1A6161C0B51F}.Debug|Any CPU.Build.0 = Debug|Any CPU
		{08BD322B-A8CB-4ECE-9CEE-1A6161C0B51F}.Release|Any CPU.ActiveCfg = Release|Any CPU
		{08BD322B-A8CB-4ECE-9CEE-1A6161C0B51F}.Release|Any CPU.Build.0 = Release|Any CPU
	EndGlobalSection
EndGlobal
